
Microsoft Visual Studio Solution File, Format Version 12.00
# Visual Studio Version 17
VisualStudioVersion = 17.8.34511.84
MinimumVisualStudioVersion = 10.0.40219.1
Project("{FAE04EC0-301F-11D3-BF4B-00C04F79EFBC}") = "ISW0712_EvalucionI", "ISW0712_EvalucionI.csproj", "{7AFC7781-265E-43C8-A590-EB69A948D475}"
EndProject
Global
	GlobalSection(SolutionConfigurationPlatforms) = preSolution
		Debug|Any CPU = Debug|Any CPU
		Release|Any CPU = Release|Any CPU
	EndGlobalSection
	GlobalSection(ProjectConfigurationPlatforms) = postSolution
		{7AFC7781-265E-43C8-A590-EB69A948D475}.Debug|Any CPU.ActiveCfg = Debug|Any CPU
		{7AFC7781-265E-43C8-A590-EB69A948D475}.Debug|Any CPU.Build.0 = Debug|Any CPU
		{7AFC7781-265E-43C8-A590-EB69A948D475}.Release|Any CPU.ActiveCfg = Release|Any CPU
		{7AFC7781-265E-43C8-A590-EB69A948D475}.Release|Any CPU.Build.0 = Release|Any CPU
	EndGlobalSection
	GlobalSection(SolutionProperties) = preSolution
		HideSolutionNode = FALSE
	EndGlobalSection
	GlobalSection(ExtensibilityGlobals) = postSolution
		SolutionGuid = {1A488D11-7E65-40BE-B61C-4C1D1640C1BD}
	EndGlobalSection
EndGlobal
